
Microsoft Visual Studio Solution File, Format Version 12.00
# Visual Studio Version 17
VisualStudioVersion = 17.7.34018.315
MinimumVisualStudioVersion = 10.0.40219.1
Project("{FAE04EC0-301F-11D3-BF4B-00C04F79EFBC}") = "ProjectManagementApp", "ProjectManagementApp\ProjectManagementApp.csproj", "{D4332671-D45F-422F-9AE1-659BCF30B5CC}"
EndProject
Global
	GlobalSection(SolutionConfigurationPlatforms) = preSolution
		Debug|Any CPU = Debug|Any CPU
		Release|Any CPU = Release|Any CPU
	EndGlobalSection
	GlobalSection(ProjectConfigurationPlatforms) = postSolution
		{D4332671-D45F-422F-9AE1-659BCF30B5CC}.Debug|Any CPU.ActiveCfg = Debug|Any CPU
		{D4332671-D45F-422F-9AE1-659BCF30B5CC}.Debug|Any CPU.Build.0 = Debug|Any CPU
		{D4332671-D45F-422F-9AE1-659BCF30B5CC}.Release|Any CPU.ActiveCfg = Release|Any CPU
		{D4332671-D45F-422F-9AE1-659BCF30B5CC}.Release|Any CPU.Build.0 = Release|Any CPU
	EndGlobalSection
	GlobalSection(SolutionProperties) = preSolution
		HideSolutionNode = FALSE
	EndGlobalSection
	GlobalSection(ExtensibilityGlobals) = postSolution
		SolutionGuid = {BD5A8199-F65A-4502-B3BB-F6AB0AFEF361}
	EndGlobalSection
EndGlobal
